# THIS IS AN AUTOGENERATED FILE. DO NOT EDIT THIS FILE DIRECTLY.
# yarn lockfile v1


"@types/node@^10.0.3":
  version "10.0.3"
  resolved "http://npm-registry.qunhequnhe.com/@types/node/download/@types/node-10.0.3.tgz#1f89840c7aac2406cc43a2ecad98fc02a8e130e4"

"@types/semver@^5.5.0":
  version "5.5.0"
  resolved "http://npm-registry.qunhequnhe.com/@types/semver/download/@types/semver-5.5.0.tgz#146c2a29ee7d3bae4bf2fcb274636e264c813c45"

"@types/yargs@^11.0.0":
  version "11.0.0"
  resolved "http://npm-registry.qunhequnhe.com/@types/yargs/download/@types/yargs-11.0.0.tgz#124b9ed9c65b7091cc36da59ae12cbd47d8745ea"

"@yarnpkg/lockfile@^1.0.0":
  version "1.0.0"
  resolved "http://npm-registry.qunhequnhe.com/@yarnpkg/lockfile/download/@yarnpkg/lockfile-1.0.0.tgz#33d1dbb659a23b81f87f048762b35a446172add3"

semver@^5.5.0:
  version "5.5.0"
  resolved "http://npm-registry.qunhequnhe.com/semver/download/semver-5.5.0.tgz#dc4bbc7a6ca9d916dee5d43516f0092b58f7b8ab"

typescript@^2.8.3:
  version "2.8.3"
  resolved "http://npm-registry.qunhequnhe.com/typescript/download/typescript-2.8.3.tgz#5d817f9b6f31bb871835f4edf0089f21abe6c170"
